// !$*UTF8*$!
{
	archiveVersion = 1;
	classes = {
	};
	objectVersion = 46;
	objects = {

/* Begin PBXBuildFile section */
		718861571E00D75300C27C97 /* main.m in Sources */ = {isa = PBXBuildFile; fileRef = 718861561E00D75300C27C97 /* main.m */; };
		7188615A1E00D75300C27C97 /* AppDelegate.m in Sources */ = {isa = PBXBuildFile; fileRef = 718861591E00D75300C27C97 /* AppDelegate.m */; };
		7188615D1E00D75300C27C97 /* ViewController.m in Sources */ = {isa = PBXBuildFile; fileRef = 7188615C1E00D75300C27C97 /* ViewController.m */; };
		718861601E00D75300C27C97 /* Main.storyboard in Resources */ = {isa = PBXBuildFile; fileRef = 7188615E1E00D75300C27C97 /* Main.storyboard */; };
		718861621E00D75300C27C97 /* Assets.xcassets in Resources */ = {isa = PBXBuildFile; fileRef = 718861611E00D75300C27C97 /* Assets.xcassets */; };
		718861651E00D75300C27C97 /* LaunchScreen.storyboard in Resources */ = {isa = PBXBuildFile; fileRef = 718861631E00D75300C27C97 /* LaunchScreen.storyboard */; };
		718861701E00D75300C27C97 /* ex1_1_1Tests.m in Sources */ = {isa = PBXBuildFile; fileRef = 7188616F1E00D75300C27C97 /* ex1_1_1Tests.m */; };
		7188617B1E00D75300C27C97 /* ex1_1_1UITests.m in Sources */ = {isa = PBXBuildFile; fileRef = 7188617A1E00D75300C27C97 /* ex1_1_1UITests.m */; };
/* End PBXBuildFile section */

/* Begin PBXContainerItemProxy section */
		7188616C1E00D75300C27C97 /* PBXContainerItemProxy */ = {
			isa = PBXContainerItemProxy;
			containerPortal = 7188614A1E00D75300C27C97 /* Project object */;
			proxyType = 1;
			remoteGlobalIDString = 718861511E00D75300C27C97;
			remoteInfo = "ex1-1-1";
		};
		718861771E00D75300C27C97 /* PBXContainerItemProxy */ = {
			isa = PBXContainerItemProxy;
			containerPortal = 7188614A1E00D75300C27C97 /* Project object */;
			proxyType = 1;
			remoteGlobalIDString = 718861511E00D75300C27C97;
			remoteInfo = "ex1-1-1";
		};
/* End PBXContainerItemProxy section */

/* Begin PBXFileReference section */
		718861521E00D75300C27C97 /* ex1-1-1.app */ = {isa = PBXFileReference; explicitFileType = wrapper.application; includeInIndex = 0; path = "ex1-1-1.app"; sourceTree = BUILT_PRODUCTS_DIR; };
		718861561E00D75300C27C97 /* main.m */ = {isa = PBXFileReference; lastKnownFileType = sourcecode.c.objc; path = main.m; sourceTree = "<group>"; };
		718861581E00D75300C27C97 /* AppDelegate.h */ = {isa = PBXFileReference; lastKnownFileType = sourcecode.c.h; path = AppDelegate.h; sourceTree = "<group>"; };
		718861591E00D75300C27C97 /* AppDelegate.m */ = {isa = PBXFileReference; lastKnownFileType = sourcecode.c.objc; path = AppDelegate.m; sourceTree = "<group>"; };
		7188615B1E00D75300C27C97 /* ViewController.h */ = {isa = PBXFileReference; lastKnownFileType = sourcecode.c.h; path = ViewController.h; sourceTree = "<group>"; };
		7188615C1E00D75300C27C97 /* ViewController.m */ = {isa = PBXFileReference; lastKnownFileType = sourcecode.c.objc; path = ViewController.m; sourceTree = "<group>"; };
		7188615F1E00D75300C27C97 /* Base */ = {isa = PBXFileReference; lastKnownFileType = file.storyboard; name = Base; path = Base.lproj/Main.storyboard; sourceTree = "<group>"; };
		718861611E00D75300C27C97 /* Assets.xcassets */ = {isa = PBXFileReference; lastKnownFileType = folder.assetcatalog; path = Assets.xcassets; sourceTree = "<group>"; };
		718861641E00D75300C27C97 /* Base */ = {isa = PBXFileReference; lastKnownFileType = file.storyboard; name = Base; path = Base.lproj/LaunchScreen.storyboard; sourceTree = "<group>"; };
		718861661E00D75300C27C97 /* Info.plist */ = {isa = PBXFileReference; lastKnownFileType = text.plist.xml; path = Info.plist; sourceTree = "<group>"; };
		7188616B1E00D75300C27C97 /* ex1-1-1Tests.xctest */ = {isa = PBXFileReference; explicitFileType = wrapper.cfbundle; includeInIndex = 0; path = "ex1-1-1Tests.xctest"; sourceTree = BUILT_PRODUCTS_DIR; };
		7188616F1E00D75300C27C97 /* ex1_1_1Tests.m */ = {isa = PBXFileReference; lastKnownFileType = sourcecode.c.objc; path = ex1_1_1Tests.m; sourceTree = "<group>"; };
		718861711E00D75300C27C97 /* Info.plist */ = {isa = PBXFileReference; lastKnownFileType = text.plist.xml; path = Info.plist; sourceTree = "<group>"; };
		718861761E00D75300C27C97 /* ex1-1-1UITests.xctest */ = {isa = PBXFileReference; explicitFileType = wrapper.cfbundle; includeInIndex = 0; path = "ex1-1-1UITests.xctest"; sourceTree = BUILT_PRODUCTS_DIR; };
		7188617A1E00D75300C27C97 /* ex1_1_1UITests.m */ = {isa = PBXFileReference; lastKnownFileType = sourcecode.c.objc; path = ex1_1_1UITests.m; sourceTree = "<group>"; };
		7188617C1E00D75300C27C97 /* Info.plist */ = {isa = PBXFileReference; lastKnownFileType = text.plist.xml; path = Info.plist; sourceTree = "<group>"; };
/* End PBXFileReference section */

/* Begin PBXFrameworksBuildPhase section */
		7188614F1E00D75300C27C97 /* Frameworks */ = {
			isa = PBXFrameworksBuildPhase;
			buildActionMask = 2147483647;
			files = (
			);
			runOnlyForDeploymentPostprocessing = 0;
		};
		718861681E00D75300C27C97 /* Frameworks */ = {
			isa = PBXFrameworksBuildPhase;
			buildActionMask = 2147483647;
			files = (
			);
			runOnlyForDeploymentPostprocessing = 0;
		};
		718861731E00D75300C27C97 /* Frameworks */ = {
			isa = PBXFrameworksBuildPhase;
			buildActionMask = 2147483647;
			files = (
			);
			runOnlyForDeploymentPostprocessing = 0;
		};
/* End PBXFrameworksBuildPhase section */

/* Begin PBXGroup section */
		718861491E00D75300C27C97 = {
			isa = PBXGroup;
			children = (
				718861541E00D75300C27C97 /* ex1-1-1 */,
				7188616E1E00D75300C27C97 /* ex1-1-1Tests */,
				718861791E00D75300C27C97 /* ex1-1-1UITests */,
				718861531E00D75300C27C97 /* Products */,
			);
			sourceTree = "<group>";
		};
		718861531E00D75300C27C97 /* Products */ = {
			isa = PBXGroup;
			children = (
				718861521E00D75300C27C97 /* ex1-1-1.app */,
				7188616B1E00D75300C27C97 /* ex1-1-1Tests.xctest */,
				718861761E00D75300C27C97 /* ex1-1-1UITests.xctest */,
			);
			name = Products;
			sourceTree = "<group>";
		};
		718861541E00D75300C27C97 /* ex1-1-1 */ = {
			isa = PBXGroup;
			children = (
				718861581E00D75300C27C97 /* AppDelegate.h */,
				718861591E00D75300C27C97 /* AppDelegate.m */,
				7188615B1E00D75300C27C97 /* ViewController.h */,
				7188615C1E00D75300C27C97 /* ViewController.m */,
				7188615E1E00D75300C27C97 /* Main.storyboard */,
				718861611E00D75300C27C97 /* Assets.xcassets */,
				718861631E00D75300C27C97 /* LaunchScreen.storyboard */,
				718861661E00D75300C27C97 /* Info.plist */,
				718861551E00D75300C27C97 /* Supporting Files */,
			);
			path = "ex1-1-1";
			sourceTree = "<group>";
		};
		718861551E00D75300C27C97 /* Supporting Files */ = {
			isa = PBXGroup;
			children = (
				718861561E00D75300C27C97 /* main.m */,
			);
			name = "Supporting Files";
			sourceTree = "<group>";
		};
		7188616E1E00D75300C27C97 /* ex1-1-1Tests */ = {
			isa = PBXGroup;
			children = (
				7188616F1E00D75300C27C97 /* ex1_1_1Tests.m */,
				718861711E00D75300C27C97 /* Info.plist */,
			);
			path = "ex1-1-1Tests";
			sourceTree = "<group>";
		};
		718861791E00D75300C27C97 /* ex1-1-1UITests */ = {
			isa = PBXGroup;
			children = (
				7188617A1E00D75300C27C97 /* ex1_1_1UITests.m */,
				7188617C1E00D75300C27C97 /* Info.plist */,
			);
			path = "ex1-1-1UITests";
			sourceTree = "<group>";
		};
/* End PBXGroup section */

/* Begin PBXNativeTarget section */
		718861511E00D75300C27C97 /* ex1-1-1 */ = {
			isa = PBXNativeTarget;
			buildConfigurationList = 7188617F1E00D75300C27C97 /* Build configuration list for PBXNativeTarget "ex1-1-1" */;
			buildPhases = (
				7188614E1E00D75300C27C97 /* Sources */,
				7188614F1E00D75300C27C97 /* Frameworks */,
				718861501E00D75300C27C97 /* Resources */,
			);
			buildRules = (
			);
			dependencies = (
			);
			name = "ex1-1-1";
			productName = "ex1-1-1";
			productReference = 718861521E00D75300C27C97 /* ex1-1-1.app */;
			productType = "com.apple.product-type.application";
		};
		7188616A1E00D75300C27C97 /* ex1-1-1Tests */ = {
			isa = PBXNativeTarget;
			buildConfigurationList = 718861821E00D75300C27C97 /* Build configuration list for PBXNativeTarget "ex1-1-1Tests" */;
			buildPhases = (
				718861671E00D75300C27C97 /* Sources */,
				718861681E00D75300C27C97 /* Frameworks */,
				718861691E00D75300C27C97 /* Resources */,
			);
			buildRules = (
			);
			dependencies = (
				7188616D1E00D75300C27C97 /* PBXTargetDependency */,
			);
			name = "ex1-1-1Tests";
			productName = "ex1-1-1Tests";
			productReference = 7188616B1E00D75300C27C97 /* ex1-1-1Tests.xctest */;
			productType = "com.apple.product-type.bundle.unit-test";
		};
		718861751E00D75300C27C97 /* ex1-1-1UITests */ = {
			isa = PBXNativeTarget;
			buildConfigurationList = 718861851E00D75300C27C97 /* Build configuration list for PBXNativeTarget "ex1-1-1UITests" */;
			buildPhases = (
				718861721E00D75300C27C97 /* Sources */,
				718861731E00D75300C27C97 /* Frameworks */,
				718861741E00D75300C27C97 /* Resources */,
			);
			buildRules = (
			);
			dependencies = (
				718861781E00D75300C27C97 /* PBXTargetDependency */,
			);
			name = "ex1-1-1UITests";
			productName = "ex1-1-1UITests";
			productReference = 718861761E00D75300C27C97 /* ex1-1-1UITests.xctest */;
			productType = "com.apple.product-type.bundle.ui-testing";
		};
/* End PBXNativeTarget section */

/* Begin PBXProject section */
		7188614A1E00D75300C27C97 /* Project object */ = {
			isa = PBXProject;
			attributes = {
				LastUpgradeCheck = 0730;
				ORGANIZATIONNAME = "ITユーザー";
				TargetAttributes = {
					718861511E00D75300C27C97 = {
						CreatedOnToolsVersion = 7.3;
						DevelopmentTeam = 82425CDR42;
					};
					7188616A1E00D75300C27C97 = {
						CreatedOnToolsVersion = 7.3;
						DevelopmentTeam = 82425CDR42;
						TestTargetID = 718861511E00D75300C27C97;
					};
					718861751E00D75300C27C97 = {
						CreatedOnToolsVersion = 7.3;
						DevelopmentTeam = 82425CDR42;
						TestTargetID = 718861511E00D75300C27C97;
					};
				};
			};
			buildConfigurationList = 7188614D1E00D75300C27C97 /* Build configuration list for PBXProject "ex1-1-1" */;
			compatibilityVersion = "Xcode 3.2";
			developmentRegion = English;
			hasScannedForEncodings = 0;
			knownRegions = (
				en,
				Base,
			);
			mainGroup = 718861491E00D75300C27C97;
			productRefGroup = 718861531E00D75300C27C97 /* Products */;
			projectDirPath = "";
			projectRoot = "";
			targets = (
				718861511E00D75300C27C97 /* ex1-1-1 */,
				7188616A1E00D75300C27C97 /* ex1-1-1Tests */,
				718861751E00D75300C27C97 /* ex1-1-1UITests */,
			);
		};
/* End PBXProject section */

/* Begin PBXResourcesBuildPhase section */
		718861501E00D75300C27C97 /* Resources */ = {
			isa = PBXResourcesBuildPhase;
			buildActionMask = 2147483647;
			files = (
				718861651E00D75300C27C97 /* LaunchScreen.storyboard in Resources */,
				718861621E00D75300C27C97 /* Assets.xcassets in Resources */,
				718861601E00D75300C27C97 /* Main.storyboard in Resources */,
			);
			runOnlyForDeploymentPostprocessing = 0;
		};
		718861691E00D75300C27C97 /* Resources */ = {
			isa = PBXResourcesBuildPhase;
			buildActionMask = 2147483647;
			files = (
			);
			runOnlyForDeploymentPostprocessing = 0;
		};
		718861741E00D75300C27C97 /* Resources */ = {
			isa = PBXResourcesBuildPhase;
			buildActionMask = 2147483647;
			files = (
			);
			runOnlyForDeploymentPostprocessing = 0;
		};
/* End PBXResourcesBuildPhase section */

/* Begin PBXSourcesBuildPhase section */
		7188614E1E00D75300C27C97 /* Sources */ = {
			isa = PBXSourcesBuildPhase;
			buildActionMask = 2147483647;
			files = (
				7188615D1E00D75300C27C97 /* ViewController.m in Sources */,
				7188615A1E00D75300C27C97 /* AppDelegate.m in Sources */,
				718861571E00D75300C27C97 /* main.m in Sources */,
			);
			runOnlyForDeploymentPostprocessing = 0;
		};
		718861671E00D75300C27C97 /* Sources */ = {
			isa = PBXSourcesBuildPhase;
			buildActionMask = 2147483647;
			files = (
				718861701E00D75300C27C97 /* ex1_1_1Tests.m in Sources */,
			);
			runOnlyForDeploymentPostprocessing = 0;
		};
		718861721E00D75300C27C97 /* Sources */ = {
			isa = PBXSourcesBuildPhase;
			buildActionMask = 2147483647;
			files = (
				7188617B1E00D75300C27C97 /* ex1_1_1UITests.m in Sources */,
			);
			runOnlyForDeploymentPostprocessing = 0;
		};
/* End PBXSourcesBuildPhase section */

/* Begin PBXTargetDependency section */
		7188616D1E00D75300C27C97 /* PBXTargetDependency */ = {
			isa = PBXTargetDependency;
			target = 718861511E00D75300C27C97 /* ex1-1-1 */;
			targetProxy = 7188616C1E00D75300C27C97 /* PBXContainerItemProxy */;
		};
		718861781E00D75300C27C97 /* PBXTargetDependency */ = {
			isa = PBXTargetDependency;
			target = 718861511E00D75300C27C97 /* ex1-1-1 */;
			targetProxy = 718861771E00D75300C27C97 /* PBXContainerItemProxy */;
		};
/* End PBXTargetDependency section */

/* Begin PBXVariantGroup section */
		7188615E1E00D75300C27C97 /* Main.storyboard */ = {
			isa = PBXVariantGroup;
			children = (
				7188615F1E00D75300C27C97 /* Base */,
			);
			name = Main.storyboard;
			sourceTree = "<group>";
		};
		718861631E00D75300C27C97 /* LaunchScreen.storyboard */ = {
			isa = PBXVariantGroup;
			children = (
				718861641E00D75300C27C97 /* Base */,
			);
			name = LaunchScreen.storyboard;
			sourceTree = "<group>";
		};
/* End PBXVariantGroup section */

/* Begin XCBuildConfiguration section */
		7188617D1E00D75300C27C97 /* Debug */ = {
			isa = XCBuildConfiguration;
			buildSettings = {
				ALWAYS_SEARCH_USER_PATHS = NO;
				CLANG_ANALYZER_NONNULL = YES;
				CLANG_CXX_LANGUAGE_STANDARD = "gnu++0x";
				CLANG_CXX_LIBRARY = "libc++";
				CLANG_ENABLE_MODULES = YES;
				CLANG_ENABLE_OBJC_ARC = YES;
				CLANG_WARN_BOOL_CONVERSION = YES;
				CLANG_WARN_CONSTANT_CONVERSION = YES;
				CLANG_WARN_DIRECT_OBJC_ISA_USAGE = YES_ERROR;
				CLANG_WARN_EMPTY_BODY = YES;
				CLANG_WARN_ENUM_CONVERSION = YES;
				CLANG_WARN_INT_CONVERSION = YES;
				CLANG_WARN_OBJC_ROOT_CLASS = YES_ERROR;
				CLANG_WARN_UNREACHABLE_CODE = YES;
				CLANG_WARN__DUPLICATE_METHOD_MATCH = YES;
				"CODE_SIGN_IDENTITY[sdk=iphoneos*]" = "iPhone Developer";
				COPY_PHASE_STRIP = NO;
				DEBUG_INFORMATION_FORMAT = dwarf;
				ENABLE_STRICT_OBJC_MSGSEND = YES;
				ENABLE_TESTABILITY = YES;
				GCC_C_LANGUAGE_STANDARD = gnu99;
				GCC_DYNAMIC_NO_PIC = NO;
				GCC_NO_COMMON_BLOCKS = YES;
				GCC_OPTIMIZATION_LEVEL = 0;
				GCC_PREPROCESSOR_DEFINITIONS = (
					"DEBUG=1",
					"$(inherited)",
				);
				GCC_WARN_64_TO_32_BIT_CONVERSION = YES;
				GCC_WARN_ABOUT_RETURN_TYPE = YES_ERROR;
				GCC_WARN_UNDECLARED_SELECTOR = YES;
				GCC_WARN_UNINITIALIZED_AUTOS = YES_AGGRESSIVE;
				GCC_WARN_UNUSED_FUNCTION = YES;
				GCC_WARN_UNUSED_VARIABLE = YES;
				IPHONEOS_DEPLOYMENT_TARGET = 9.3;
				MTL_ENABLE_DEBUG_INFO = YES;
				ONLY_ACTIVE_ARCH = YES;
				SDKROOT = iphoneos;
				TARGETED_DEVICE_FAMILY = "1,2";
			};
			name = Debug;
		};
		7188617E1E00D75300C27C97 /* Release */ = {
			isa = XCBuildConfiguration;
			buildSettings = {
				ALWAYS_SEARCH_USER_PATHS = NO;
				CLANG_ANALYZER_NONNULL = YES;
				CLANG_CXX_LANGUAGE_STANDARD = "gnu++0x";
				CLANG_CXX_LIBRARY = "libc++";
				CLANG_ENABLE_MODULES = YES;
				CLANG_ENABLE_OBJC_ARC = YES;
				CLANG_WARN_BOOL_CONVERSION = YES;
				CLANG_WARN_CONSTANT_CONVERSION = YES;
				CLANG_WARN_DIRECT_OBJC_ISA_USAGE = YES_ERROR;
				CLANG_WARN_EMPTY_BODY = YES;
				CLANG_WARN_ENUM_CONVERSION = YES;
				CLANG_WARN_INT_CONVERSION = YES;
				CLANG_WARN_OBJC_ROOT_CLASS = YES_ERROR;
				CLANG_WARN_UNREACHABLE_CODE = YES;
				CLANG_WARN__DUPLICATE_METHOD_MATCH = YES;
				"CODE_SIGN_IDENTITY[sdk=iphoneos*]" = "iPhone Developer";
				COPY_PHASE_STRIP = NO;
				DEBUG_INFORMATION_FORMAT = "dwarf-with-dsym";
				ENABLE_NS_ASSERTIONS = NO;
				ENABLE_STRICT_OBJC_MSGSEND = YES;
				GCC_C_LANGUAGE_STANDARD = gnu99;
				GCC_NO_COMMON_BLOCKS = YES;
				GCC_WARN_64_TO_32_BIT_CONVERSION = YES;
				GCC_WARN_ABOUT_RETURN_TYPE = YES_ERROR;
				GCC_WARN_UNDECLARED_SELECTOR = YES;
				GCC_WARN_UNINITIALIZED_AUTOS = YES_AGGRESSIVE;
				GCC_WARN_UNUSED_FUNCTION = YES;
				GCC_WARN_UNUSED_VARIABLE = YES;
				IPHONEOS_DEPLOYMENT_TARGET = 9.3;
				MTL_ENABLE_DEBUG_INFO = NO;
				SDKROOT = iphoneos;
				TARGETED_DEVICE_FAMILY = "1,2";
				VALIDATE_PRODUCT = YES;
			};
			name = Release;
		};
		718861801E00D75300C27C97 /* Debug */ = {
			isa = XCBuildConfiguration;
			buildSettings = {
				ASSETCATALOG_COMPILER_APPICON_NAME = AppIcon;
				INFOPLIST_FILE = "ex1-1-1/Info.plist";
				LD_RUNPATH_SEARCH_PATHS = "$(inherited) @executable_path/Frameworks";
				PRODUCT_BUNDLE_IDENTIFIER = "jp.ac.neec.ex1-1-1";
				PRODUCT_NAME = "$(TARGET_NAME)";
			};
			name = Debug;
		};
		718861811E00D75300C27C97 /* Release */ = {
			isa = XCBuildConfiguration;
			buildSettings = {
				ASSETCATALOG_COMPILER_APPICON_NAME = AppIcon;
				INFOPLIST_FILE = "ex1-1-1/Info.plist";
				LD_RUNPATH_SEARCH_PATHS = "$(inherited) @executable_path/Frameworks";
				PRODUCT_BUNDLE_IDENTIFIER = "jp.ac.neec.ex1-1-1";
				PRODUCT_NAME = "$(TARGET_NAME)";
			};
			name = Release;
		};
		718861831E00D75300C27C97 /* Debug */ = {
			isa = XCBuildConfiguration;
			buildSettings = {
				BUNDLE_LOADER = "$(TEST_HOST)";
				INFOPLIST_FILE = "ex1-1-1Tests/Info.plist";
				LD_RUNPATH_SEARCH_PATHS = "$(inherited) @executable_path/Frameworks @loader_path/Frameworks";
				PRODUCT_BUNDLE_IDENTIFIER = "jp.ac.neec.ex1-1-1Tests";
				PRODUCT_NAME = "$(TARGET_NAME)";
				TEST_HOST = "$(BUILT_PRODUCTS_DIR)/ex1-1-1.app/ex1-1-1";
			};
			name = Debug;
		};
		718861841E00D75300C27C97 /* Release */ = {
			isa = XCBuildConfiguration;
			buildSettings = {
				BUNDLE_LOADER = "$(TEST_HOST)";
				INFOPLIST_FILE = "ex1-1-1Tests/Info.plist";
				LD_RUNPATH_SEARCH_PATHS = "$(inherited) @executable_path/Frameworks @loader_path/Frameworks";
				PRODUCT_BUNDLE_IDENTIFIER = "jp.ac.neec.ex1-1-1Tests";
				PRODUCT_NAME = "$(TARGET_NAME)";
				TEST_HOST = "$(BUILT_PRODUCTS_DIR)/ex1-1-1.app/ex1-1-1";
			};
			name = Release;
		};
		718861861E00D75300C27C97 /* Debug */ = {
			isa = XCBuildConfiguration;
			buildSettings = {
				INFOPLIST_FILE = "ex1-1-1UITests/Info.plist";
				LD_RUNPATH_SEARCH_PATHS = "$(inherited) @executable_path/Frameworks @loader_path/Frameworks";
				PRODUCT_BUNDLE_IDENTIFIER = "jp.ac.neec.ex1-1-1UITests";
				PRODUCT_NAME = "$(TARGET_NAME)";
				TEST_TARGET_NAME = "ex1-1-1";
			};
			name = Debug;
		};
		718861871E00D75300C27C97 /* Release */ = {
			isa = XCBuildConfiguration;
			buildSettings = {
				INFOPLIST_FILE = "ex1-1-1UITests/Info.plist";
				LD_RUNPATH_SEARCH_PATHS = "$(inherited) @executable_path/Frameworks @loader_path/Frameworks";
				PRODUCT_BUNDLE_IDENTIFIER = "jp.ac.neec.ex1-1-1UITests";
				PRODUCT_NAME = "$(TARGET_NAME)";
				TEST_TARGET_NAME = "ex1-1-1";
			};
			name = Release;
		};
/* End XCBuildConfiguration section */

/* Begin XCConfigurationList section */
		7188614D1E00D75300C27C97 /* Build configuration list for PBXProject "ex1-1-1" */ = {
			isa = XCConfigurationList;
			buildConfigurations = (
				7188617D1E00D75300C27C97 /* Debug */,
				7188617E1E00D75300C27C97 /* Release */,
			);
			defaultConfigurationIsVisible = 0;
			defaultConfigurationName = Release;
		};
		7188617F1E00D75300C27C97 /* Build configuration list for PBXNativeTarget "ex1-1-1" */ = {
			isa = XCConfigurationList;
			buildConfigurations = (
				718861801E00D75300C27C97 /* Debug */,
				718861811E00D75300C27C97 /* Release */,
			);
			defaultConfigurationIsVisible = 0;
		};
		718861821E00D75300C27C97 /* Build configuration list for PBXNativeTarget "ex1-1-1Tests" */ = {
			isa = XCConfigurationList;
			buildConfigurations = (
				718861831E00D75300C27C97 /* Debug */,
				718861841E00D75300C27C97 /* Release */,
			);
			defaultConfigurationIsVisible = 0;
		};
		718861851E00D75300C27C97 /* Build configuration list for PBXNativeTarget "ex1-1-1UITests" */ = {
			isa = XCConfigurationList;
			buildConfigurations = (
				718861861E00D75300C27C97 /* Debug */,
				718861871E00D75300C27C97 /* Release */,
			);
			defaultConfigurationIsVisible = 0;
		};
/* End XCConfigurationList section */
	};
	rootObject = 7188614A1E00D75300C27C97 /* Project object */;
}
